
Microsoft Visual Studio Solution File, Format Version 12.00
# Visual Studio Version 17
VisualStudioVersion = 17.7.34221.43
MinimumVisualStudioVersion = 10.0.40219.1
Project("{FAE04EC0-301F-11D3-BF4B-00C04F79EFBC}") = "crackedCupWinFormsGUI", "crackedCupWinFormsGUI.csproj", "{A5517997-9130-4CC1-BDD5-63E2E2DF44BC}"
EndProject
Global
	GlobalSection(SolutionConfigurationPlatforms) = preSolution
		Debug|Any CPU = Debug|Any CPU
		Release|Any CPU = Release|Any CPU
	EndGlobalSection
	GlobalSection(ProjectConfigurationPlatforms) = postSolution
		{A5517997-9130-4CC1-BDD5-63E2E2DF44BC}.Debug|Any CPU.ActiveCfg = Debug|Any CPU
		{A5517997-9130-4CC1-BDD5-63E2E2DF44BC}.Debug|Any CPU.Build.0 = Debug|Any CPU
		{A5517997-9130-4CC1-BDD5-63E2E2DF44BC}.Release|Any CPU.ActiveCfg = Release|Any CPU
		{A5517997-9130-4CC1-BDD5-63E2E2DF44BC}.Release|Any CPU.Build.0 = Release|Any CPU
	EndGlobalSection
	GlobalSection(SolutionProperties) = preSolution
		HideSolutionNode = FALSE
	EndGlobalSection
	GlobalSection(ExtensibilityGlobals) = postSolution
		SolutionGuid = {13DEEAC0-DAFC-4D1F-9DF5-3E3C5767BCEA}
	EndGlobalSection
EndGlobal
